
Microsoft Visual Studio Solution File, Format Version 12.00
# Visual Studio Version 17
VisualStudioVersion = 17.5.002.0
MinimumVisualStudioVersion = 10.0.40219.1
Project("{9A19103F-16F7-4668-BE54-9A1E7A4F7556}") = "MiAplicacionConsola", "MiAplicacionConsola.csproj", "{E82A5E64-9413-4EB7-B942-0E389B5D57B8}"
EndProject
Global
	GlobalSection(SolutionConfigurationPlatforms) = preSolution
		Debug|Any CPU = Debug|Any CPU
		Release|Any CPU = Release|Any CPU
	EndGlobalSection
	GlobalSection(ProjectConfigurationPlatforms) = postSolution
		{E82A5E64-9413-4EB7-B942-0E389B5D57B8}.Debug|Any CPU.ActiveCfg = Debug|Any CPU
		{E82A5E64-9413-4EB7-B942-0E389B5D57B8}.Debug|Any CPU.Build.0 = Debug|Any CPU
		{E82A5E64-9413-4EB7-B942-0E389B5D57B8}.Release|Any CPU.ActiveCfg = Release|Any CPU
		{E82A5E64-9413-4EB7-B942-0E389B5D57B8}.Release|Any CPU.Build.0 = Release|Any CPU
	EndGlobalSection
	GlobalSection(SolutionProperties) = preSolution
		HideSolutionNode = FALSE
	EndGlobalSection
	GlobalSection(ExtensibilityGlobals) = postSolution
		SolutionGuid = {AC1BF7B1-4F96-441E-88C6-F3AD73E6EC74}
	EndGlobalSection
EndGlobal
